
Microsoft Visual Studio Solution File, Format Version 12.00
# Visual Studio Version 16
VisualStudioVersion = 16.0.31105.61
MinimumVisualStudioVersion = 10.0.40219.1
Project("{2150E333-8FDC-42A3-9474-1A3956D46DE8}") = "src", "src", "{DE384963-5D5F-4F5C-83CF-E044280C15B4}"
EndProject
Project("{2150E333-8FDC-42A3-9474-1A3956D46DE8}") = "data", "data", "{677B6CBB-85A3-457A-8F3F-7AA10673F0EF}"
EndProject
Project("{2150E333-8FDC-42A3-9474-1A3956D46DE8}") = "tests", "tests", "{CE52B7DF-8F40-44B7-ACA6-AD1F7CDE499C}"
EndProject
Project("{9A19103F-16F7-4668-BE54-9A1E7A4F7556}") = "BooksLibrary.ConsoleStarter", "src\BooksLibrary.ConsoleStarter\BooksLibrary.ConsoleStarter.csproj", "{A99F5937-9FC7-4606-8500-AFA9805E02C7}"
EndProject
Project("{9A19103F-16F7-4668-BE54-9A1E7A4F7556}") = "BooksLibrary.Domain", "src\BooksLibrary.Domain\BooksLibrary.Domain.csproj", "{23BF1E4B-C526-424E-96BE-567EE844CBEC}"
EndProject
Project("{9A19103F-16F7-4668-BE54-9A1E7A4F7556}") = "BooksLibrary.Application", "src\BooksLibrary.Application\BooksLibrary.Application.csproj", "{724F0BB5-9A51-45AA-830A-7C4E0FF07CA7}"
EndProject
Project("{FAE04EC0-301F-11D3-BF4B-00C04F79EFBC}") = "BooksLibraryUnitTests", "tests\BooksLibraryUnitTests\BooksLibraryUnitTests.csproj", "{AB1C3BD3-683E-4048-B930-BF734E9B0012}"
EndProject
Global
	GlobalSection(SolutionConfigurationPlatforms) = preSolution
		Debug|Any CPU = Debug|Any CPU
		Release|Any CPU = Release|Any CPU
	EndGlobalSection
	GlobalSection(ProjectConfigurationPlatforms) = postSolution
		{A99F5937-9FC7-4606-8500-AFA9805E02C7}.Debug|Any CPU.ActiveCfg = Debug|Any CPU
		{A99F5937-9FC7-4606-8500-AFA9805E02C7}.Debug|Any CPU.Build.0 = Debug|Any CPU
		{A99F5937-9FC7-4606-8500-AFA9805E02C7}.Release|Any CPU.ActiveCfg = Release|Any CPU
		{A99F5937-9FC7-4606-8500-AFA9805E02C7}.Release|Any CPU.Build.0 = Release|Any CPU
		{23BF1E4B-C526-424E-96BE-567EE844CBEC}.Debug|Any CPU.ActiveCfg = Debug|Any CPU
		{23BF1E4B-C526-424E-96BE-567EE844CBEC}.Debug|Any CPU.Build.0 = Debug|Any CPU
		{23BF1E4B-C526-424E-96BE-567EE844CBEC}.Release|Any CPU.ActiveCfg = Release|Any CPU
		{23BF1E4B-C526-424E-96BE-567EE844CBEC}.Release|Any CPU.Build.0 = Release|Any CPU
		{724F0BB5-9A51-45AA-830A-7C4E0FF07CA7}.Debug|Any CPU.ActiveCfg = Debug|Any CPU
		{724F0BB5-9A51-45AA-830A-7C4E0FF07CA7}.Debug|Any CPU.Build.0 = Debug|Any CPU
		{724F0BB5-9A51-45AA-830A-7C4E0FF07CA7}.Release|Any CPU.ActiveCfg = Release|Any CPU
		{724F0BB5-9A51-45AA-830A-7C4E0FF07CA7}.Release|Any CPU.Build.0 = Release|Any CPU
		{AB1C3BD3-683E-4048-B930-BF734E9B0012}.Debug|Any CPU.ActiveCfg = Debug|Any CPU
		{AB1C3BD3-683E-4048-B930-BF734E9B0012}.Debug|Any CPU.Build.0 = Debug|Any CPU
		{AB1C3BD3-683E-4048-B930-BF734E9B0012}.Release|Any CPU.ActiveCfg = Release|Any CPU
		{AB1C3BD3-683E-4048-B930-BF734E9B0012}.Release|Any CPU.Build.0 = Release|Any CPU
	EndGlobalSection
	GlobalSection(SolutionProperties) = preSolution
		HideSolutionNode = FALSE
	EndGlobalSection
	GlobalSection(NestedProjects) = preSolution
		{A99F5937-9FC7-4606-8500-AFA9805E02C7} = {DE384963-5D5F-4F5C-83CF-E044280C15B4}
		{23BF1E4B-C526-424E-96BE-567EE844CBEC} = {DE384963-5D5F-4F5C-83CF-E044280C15B4}
		{724F0BB5-9A51-45AA-830A-7C4E0FF07CA7} = {DE384963-5D5F-4F5C-83CF-E044280C15B4}
		{AB1C3BD3-683E-4048-B930-BF734E9B0012} = {CE52B7DF-8F40-44B7-ACA6-AD1F7CDE499C}
	EndGlobalSection
	GlobalSection(ExtensibilityGlobals) = postSolution
		SolutionGuid = {5703A858-7D4E-4788-A946-6AA62C4D5BB4}
	EndGlobalSection
EndGlobal
